
Microsoft Visual Studio Solution File, Format Version 12.00
# Visual Studio Version 17
VisualStudioVersion = 17.0.32112.339
MinimumVisualStudioVersion = 10.0.40219.1
Project("{FAE04EC0-301F-11D3-BF4B-00C04F79EFBC}") = "Homework", "Homework\Homework.csproj", "{79F3E7C7-A971-48DA-826D-FA85E1D72052}"
EndProject
Global
	GlobalSection(SolutionConfigurationPlatforms) = preSolution
		Debug|Any CPU = Debug|Any CPU
		Release|Any CPU = Release|Any CPU
	EndGlobalSection
	GlobalSection(ProjectConfigurationPlatforms) = postSolution
		{79F3E7C7-A971-48DA-826D-FA85E1D72052}.Debug|Any CPU.ActiveCfg = Debug|Any CPU
		{79F3E7C7-A971-48DA-826D-FA85E1D72052}.Debug|Any CPU.Build.0 = Debug|Any CPU
		{79F3E7C7-A971-48DA-826D-FA85E1D72052}.Release|Any CPU.ActiveCfg = Release|Any CPU
		{79F3E7C7-A971-48DA-826D-FA85E1D72052}.Release|Any CPU.Build.0 = Release|Any CPU
	EndGlobalSection
	GlobalSection(SolutionProperties) = preSolution
		HideSolutionNode = FALSE
	EndGlobalSection
	GlobalSection(ExtensibilityGlobals) = postSolution
		SolutionGuid = {9BEC7A01-1205-4210-A6A0-F562208AE590}
	EndGlobalSection
EndGlobal
